// !$*UTF8*$!
{
	archiveVersion = 1;
	classes = {
	};
	objectVersion = 55;
	objects = {

/* Begin PBXBuildFile section */
		3BA77E2428590F0B00733E32 /* NiceSpotsMapApp.swift in Sources */ = {isa = PBXBuildFile; fileRef = 3BA77E2328590F0B00733E32 /* NiceSpotsMapApp.swift */; };
		3BA77E2628590F0B00733E32 /* ContentView.swift in Sources */ = {isa = PBXBuildFile; fileRef = 3BA77E2528590F0B00733E32 /* ContentView.swift */; };
		3BA77E2828590F0D00733E32 /* Assets.xcassets in Resources */ = {isa = PBXBuildFile; fileRef = 3BA77E2728590F0D00733E32 /* Assets.xcassets */; };
		3BA77E2B28590F0D00733E32 /* Preview Assets.xcassets in Resources */ = {isa = PBXBuildFile; fileRef = 3BA77E2A28590F0D00733E32 /* Preview Assets.xcassets */; };
		3BA77E3528590F0D00733E32 /* NiceSpotsMapTests.swift in Sources */ = {isa = PBXBuildFile; fileRef = 3BA77E3428590F0D00733E32 /* NiceSpotsMapTests.swift */; };
		3BA77E3F28590F0D00733E32 /* NiceSpotsMapUITests.swift in Sources */ = {isa = PBXBuildFile; fileRef = 3BA77E3E28590F0D00733E32 /* NiceSpotsMapUITests.swift */; };
		3BA77E4128590F0D00733E32 /* NiceSpotsMapUITestsLaunchTests.swift in Sources */ = {isa = PBXBuildFile; fileRef = 3BA77E4028590F0D00733E32 /* NiceSpotsMapUITestsLaunchTests.swift */; };
		3BA77E4E28590FD100733E32 /* MapView.swift in Sources */ = {isa = PBXBuildFile; fileRef = 3BA77E4D28590FD100733E32 /* MapView.swift */; };
/* End PBXBuildFile section */

/* Begin PBXContainerItemProxy section */
		3BA77E3128590F0D00733E32 /* PBXContainerItemProxy */ = {
			isa = PBXContainerItemProxy;
			containerPortal = 3BA77E1828590F0B00733E32 /* Project object */;
			proxyType = 1;
			remoteGlobalIDString = 3BA77E1F28590F0B00733E32;
			remoteInfo = NiceSpotsMap;
		};
		3BA77E3B28590F0D00733E32 /* PBXContainerItemProxy */ = {
			isa = PBXContainerItemProxy;
			containerPortal = 3BA77E1828590F0B00733E32 /* Project object */;
			proxyType = 1;
			remoteGlobalIDString = 3BA77E1F28590F0B00733E32;
			remoteInfo = NiceSpotsMap;
		};
/* End PBXContainerItemProxy section */

/* Begin PBXFileReference section */
		3BA77E2028590F0B00733E32 /* NiceSpotsMap.app */ = {isa = PBXFileReference; explicitFileType = wrapper.application; includeInIndex = 0; path = NiceSpotsMap.app; sourceTree = BUILT_PRODUCTS_DIR; };
		3BA77E2328590F0B00733E32 /* NiceSpotsMapApp.swift */ = {isa = PBXFileReference; lastKnownFileType = sourcecode.swift; path = NiceSpotsMapApp.swift; sourceTree = "<group>"; };
		3BA77E2528590F0B00733E32 /* ContentView.swift */ = {isa = PBXFileReference; lastKnownFileType = sourcecode.swift; path = ContentView.swift; sourceTree = "<group>"; };
		3BA77E2728590F0D00733E32 /* Assets.xcassets */ = {isa = PBXFileReference; lastKnownFileType = folder.assetcatalog; path = Assets.xcassets; sourceTree = "<group>"; };
		3BA77E2A28590F0D00733E32 /* Preview Assets.xcassets */ = {isa = PBXFileReference; lastKnownFileType = folder.assetcatalog; path = "Preview Assets.xcassets"; sourceTree = "<group>"; };
		3BA77E3028590F0D00733E32 /* NiceSpotsMapTests.xctest */ = {isa = PBXFileReference; explicitFileType = wrapper.cfbundle; includeInIndex = 0; path = NiceSpotsMapTests.xctest; sourceTree = BUILT_PRODUCTS_DIR; };
		3BA77E3428590F0D00733E32 /* NiceSpotsMapTests.swift */ = {isa = PBXFileReference; lastKnownFileType = sourcecode.swift; path = NiceSpotsMapTests.swift; sourceTree = "<group>"; };
		3BA77E3A28590F0D00733E32 /* NiceSpotsMapUITests.xctest */ = {isa = PBXFileReference; explicitFileType = wrapper.cfbundle; includeInIndex = 0; path = NiceSpotsMapUITests.xctest; sourceTree = BUILT_PRODUCTS_DIR; };
		3BA77E3E28590F0D00733E32 /* NiceSpotsMapUITests.swift */ = {isa = PBXFileReference; lastKnownFileType = sourcecode.swift; path = NiceSpotsMapUITests.swift; sourceTree = "<group>"; };
		3BA77E4028590F0D00733E32 /* NiceSpotsMapUITestsLaunchTests.swift */ = {isa = PBXFileReference; lastKnownFileType = sourcecode.swift; path = NiceSpotsMapUITestsLaunchTests.swift; sourceTree = "<group>"; };
		3BA77E4D28590FD100733E32 /* MapView.swift */ = {isa = PBXFileReference; lastKnownFileType = sourcecode.swift; path = MapView.swift; sourceTree = "<group>"; };
/* End PBXFileReference section */

/* Begin PBXFrameworksBuildPhase section */
		3BA77E1D28590F0B00733E32 /* Frameworks */ = {
			isa = PBXFrameworksBuildPhase;
			buildActionMask = 2147483647;
			files = (
			);
			runOnlyForDeploymentPostprocessing = 0;
		};
		3BA77E2D28590F0D00733E32 /* Frameworks */ = {
			isa = PBXFrameworksBuildPhase;
			buildActionMask = 2147483647;
			files = (
			);
			runOnlyForDeploymentPostprocessing = 0;
		};
		3BA77E3728590F0D00733E32 /* Frameworks */ = {
			isa = PBXFrameworksBuildPhase;
			buildActionMask = 2147483647;
			files = (
			);
			runOnlyForDeploymentPostprocessing = 0;
		};
/* End PBXFrameworksBuildPhase section */

/* Begin PBXGroup section */
		3BA77E1728590F0B00733E32 = {
			isa = PBXGroup;
			children = (
				3BA77E2228590F0B00733E32 /* NiceSpotsMap */,
				3BA77E3328590F0D00733E32 /* NiceSpotsMapTests */,
				3BA77E3D28590F0D00733E32 /* NiceSpotsMapUITests */,
				3BA77E2128590F0B00733E32 /* Products */,
			);
			sourceTree = "<group>";
		};
		3BA77E2128590F0B00733E32 /* Products */ = {
			isa = PBXGroup;
			children = (
				3BA77E2028590F0B00733E32 /* NiceSpotsMap.app */,
				3BA77E3028590F0D00733E32 /* NiceSpotsMapTests.xctest */,
				3BA77E3A28590F0D00733E32 /* NiceSpotsMapUITests.xctest */,
			);
			name = Products;
			sourceTree = "<group>";
		};
		3BA77E2228590F0B00733E32 /* NiceSpotsMap */ = {
			isa = PBXGroup;
			children = (
				3BA77E2328590F0B00733E32 /* NiceSpotsMapApp.swift */,
				3BA77E2528590F0B00733E32 /* ContentView.swift */,
				3BA77E4D28590FD100733E32 /* MapView.swift */,
				3BA77E2728590F0D00733E32 /* Assets.xcassets */,
				3BA77E2928590F0D00733E32 /* Preview Content */,
			);
			path = NiceSpotsMap;
			sourceTree = "<group>";
		};
		3BA77E2928590F0D00733E32 /* Preview Content */ = {
			isa = PBXGroup;
			children = (
				3BA77E2A28590F0D00733E32 /* Preview Assets.xcassets */,
			);
			path = "Preview Content";
			sourceTree = "<group>";
		};
		3BA77E3328590F0D00733E32 /* NiceSpotsMapTests */ = {
			isa = PBXGroup;
			children = (
				3BA77E3428590F0D00733E32 /* NiceSpotsMapTests.swift */,
			);
			path = NiceSpotsMapTests;
			sourceTree = "<group>";
		};
		3BA77E3D28590F0D00733E32 /* NiceSpotsMapUITests */ = {
			isa = PBXGroup;
			children = (
				3BA77E3E28590F0D00733E32 /* NiceSpotsMapUITests.swift */,
				3BA77E4028590F0D00733E32 /* NiceSpotsMapUITestsLaunchTests.swift */,
			);
			path = NiceSpotsMapUITests;
			sourceTree = "<group>";
		};
/* End PBXGroup section */

/* Begin PBXNativeTarget section */
		3BA77E1F28590F0B00733E32 /* NiceSpotsMap */ = {
			isa = PBXNativeTarget;
			buildConfigurationList = 3BA77E4428590F0D00733E32 /* Build configuration list for PBXNativeTarget "NiceSpotsMap" */;
			buildPhases = (
				3BA77E1C28590F0B00733E32 /* Sources */,
				3BA77E1D28590F0B00733E32 /* Frameworks */,
				3BA77E1E28590F0B00733E32 /* Resources */,
			);
			buildRules = (
			);
			dependencies = (
			);
			name = NiceSpotsMap;
			productName = NiceSpotsMap;
			productReference = 3BA77E2028590F0B00733E32 /* NiceSpotsMap.app */;
			productType = "com.apple.product-type.application";
		};
		3BA77E2F28590F0D00733E32 /* NiceSpotsMapTests */ = {
			isa = PBXNativeTarget;
			buildConfigurationList = 3BA77E4728590F0D00733E32 /* Build configuration list for PBXNativeTarget "NiceSpotsMapTests" */;
			buildPhases = (
				3BA77E2C28590F0D00733E32 /* Sources */,
				3BA77E2D28590F0D00733E32 /* Frameworks */,
				3BA77E2E28590F0D00733E32 /* Resources */,
			);
			buildRules = (
			);
			dependencies = (
				3BA77E3228590F0D00733E32 /* PBXTargetDependency */,
			);
			name = NiceSpotsMapTests;
			productName = NiceSpotsMapTests;
			productReference = 3BA77E3028590F0D00733E32 /* NiceSpotsMapTests.xctest */;
			productType = "com.apple.product-type.bundle.unit-test";
		};
		3BA77E3928590F0D00733E32 /* NiceSpotsMapUITests */ = {
			isa = PBXNativeTarget;
			buildConfigurationList = 3BA77E4A28590F0D00733E32 /* Build configuration list for PBXNativeTarget "NiceSpotsMapUITests" */;
			buildPhases = (
				3BA77E3628590F0D00733E32 /* Sources */,
				3BA77E3728590F0D00733E32 /* Frameworks */,
				3BA77E3828590F0D00733E32 /* Resources */,
			);
			buildRules = (
			);
			dependencies = (
				3BA77E3C28590F0D00733E32 /* PBXTargetDependency */,
			);
			name = NiceSpotsMapUITests;
			productName = NiceSpotsMapUITests;
			productReference = 3BA77E3A28590F0D00733E32 /* NiceSpotsMapUITests.xctest */;
			productType = "com.apple.product-type.bundle.ui-testing";
		};
/* End PBXNativeTarget section */

/* Begin PBXProject section */
		3BA77E1828590F0B00733E32 /* Project object */ = {
			isa = PBXProject;
			attributes = {
				BuildIndependentTargetsInParallel = 1;
				LastSwiftUpdateCheck = 1340;
				LastUpgradeCheck = 1340;
				TargetAttributes = {
					3BA77E1F28590F0B00733E32 = {
						CreatedOnToolsVersion = 13.4.1;
					};
					3BA77E2F28590F0D00733E32 = {
						CreatedOnToolsVersion = 13.4.1;
						TestTargetID = 3BA77E1F28590F0B00733E32;
					};
					3BA77E3928590F0D00733E32 = {
						CreatedOnToolsVersion = 13.4.1;
						TestTargetID = 3BA77E1F28590F0B00733E32;
					};
				};
			};
			buildConfigurationList = 3BA77E1B28590F0B00733E32 /* Build configuration list for PBXProject "NiceSpotsMap" */;
			compatibilityVersion = "Xcode 13.0";
			developmentRegion = en;
			hasScannedForEncodings = 0;
			knownRegions = (
				en,
				Base,
			);
			mainGroup = 3BA77E1728590F0B00733E32;
			productRefGroup = 3BA77E2128590F0B00733E32 /* Products */;
			projectDirPath = "";
			projectRoot = "";
			targets = (
				3BA77E1F28590F0B00733E32 /* NiceSpotsMap */,
				3BA77E2F28590F0D00733E32 /* NiceSpotsMapTests */,
				3BA77E3928590F0D00733E32 /* NiceSpotsMapUITests */,
			);
		};
/* End PBXProject section */

/* Begin PBXResourcesBuildPhase section */
		3BA77E1E28590F0B00733E32 /* Resources */ = {
			isa = PBXResourcesBuildPhase;
			buildActionMask = 2147483647;
			files = (
				3BA77E2B28590F0D00733E32 /* Preview Assets.xcassets in Resources */,
				3BA77E2828590F0D00733E32 /* Assets.xcassets in Resources */,
			);
			runOnlyForDeploymentPostprocessing = 0;
		};
		3BA77E2E28590F0D00733E32 /* Resources */ = {
			isa = PBXResourcesBuildPhase;
			buildActionMask = 2147483647;
			files = (
			);
			runOnlyForDeploymentPostprocessing = 0;
		};
		3BA77E3828590F0D00733E32 /* Resources */ = {
			isa = PBXResourcesBuildPhase;
			buildActionMask = 2147483647;
			files = (
			);
			runOnlyForDeploymentPostprocessing = 0;
		};
/* End PBXResourcesBuildPhase section */

/* Begin PBXSourcesBuildPhase section */
		3BA77E1C28590F0B00733E32 /* Sources */ = {
			isa = PBXSourcesBuildPhase;
			buildActionMask = 2147483647;
			files = (
				3BA77E2628590F0B00733E32 /* ContentView.swift in Sources */,
				3BA77E4E28590FD100733E32 /* MapView.swift in Sources */,
				3BA77E2428590F0B00733E32 /* NiceSpotsMapApp.swift in Sources */,
			);
			runOnlyForDeploymentPostprocessing = 0;
		};
		3BA77E2C28590F0D00733E32 /* Sources */ = {
			isa = PBXSourcesBuildPhase;
			buildActionMask = 2147483647;
			files = (
				3BA77E3528590F0D00733E32 /* NiceSpotsMapTests.swift in Sources */,
			);
			runOnlyForDeploymentPostprocessing = 0;
		};
		3BA77E3628590F0D00733E32 /* Sources */ = {
			isa = PBXSourcesBuildPhase;
			buildActionMask = 2147483647;
			files = (
				3BA77E4128590F0D00733E32 /* NiceSpotsMapUITestsLaunchTests.swift in Sources */,
				3BA77E3F28590F0D00733E32 /* NiceSpotsMapUITests.swift in Sources */,
			);
			runOnlyForDeploymentPostprocessing = 0;
		};
/* End PBXSourcesBuildPhase section */

/* Begin PBXTargetDependency section */
		3BA77E3228590F0D00733E32 /* PBXTargetDependency */ = {
			isa = PBXTargetDependency;
			target = 3BA77E1F28590F0B00733E32 /* NiceSpotsMap */;
			targetProxy = 3BA77E3128590F0D00733E32 /* PBXContainerItemProxy */;
		};
		3BA77E3C28590F0D00733E32 /* PBXTargetDependency */ = {
			isa = PBXTargetDependency;
			target = 3BA77E1F28590F0B00733E32 /* NiceSpotsMap */;
			targetProxy = 3BA77E3B28590F0D00733E32 /* PBXContainerItemProxy */;
		};
/* End PBXTargetDependency section */

/* Begin XCBuildConfiguration section */
		3BA77E4228590F0D00733E32 /* Debug */ = {
			isa = XCBuildConfiguration;
			buildSettings = {
				ALWAYS_SEARCH_USER_PATHS = NO;
				CLANG_ANALYZER_NONNULL = YES;
				CLANG_ANALYZER_NUMBER_OBJECT_CONVERSION = YES_AGGRESSIVE;
				CLANG_CXX_LANGUAGE_STANDARD = "gnu++17";
				CLANG_ENABLE_MODULES = YES;
				CLANG_ENABLE_OBJC_ARC = YES;
				CLANG_ENABLE_OBJC_WEAK = YES;
				CLANG_WARN_BLOCK_CAPTURE_AUTORELEASING = YES;
				CLANG_WARN_BOOL_CONVERSION = YES;
				CLANG_WARN_COMMA = YES;
				CLANG_WARN_CONSTANT_CONVERSION = YES;
				CLANG_WARN_DEPRECATED_OBJC_IMPLEMENTATIONS = YES;
				CLANG_WARN_DIRECT_OBJC_ISA_USAGE = YES_ERROR;
				CLANG_WARN_DOCUMENTATION_COMMENTS = YES;
				CLANG_WARN_EMPTY_BODY = YES;
				CLANG_WARN_ENUM_CONVERSION = YES;
				CLANG_WARN_INFINITE_RECURSION = YES;
				CLANG_WARN_INT_CONVERSION = YES;
				CLANG_WARN_NON_LITERAL_NULL_CONVERSION = YES;
				CLANG_WARN_OBJC_IMPLICIT_RETAIN_SELF = YES;
				CLANG_WARN_OBJC_LITERAL_CONVERSION = YES;
				CLANG_WARN_OBJC_ROOT_CLASS = YES_ERROR;
				CLANG_WARN_QUOTED_INCLUDE_IN_FRAMEWORK_HEADER = YES;
				CLANG_WARN_RANGE_LOOP_ANALYSIS = YES;
				CLANG_WARN_STRICT_PROTOTYPES = YES;
				CLANG_WARN_SUSPICIOUS_MOVE = YES;
				CLANG_WARN_UNGUARDED_AVAILABILITY = YES_AGGRESSIVE;
				CLANG_WARN_UNREACHABLE_CODE = YES;
				CLANG_WARN__DUPLICATE_METHOD_MATCH = YES;
				COPY_PHASE_STRIP = NO;
				DEBUG_INFORMATION_FORMAT = dwarf;
				ENABLE_STRICT_OBJC_MSGSEND = YES;
				ENABLE_TESTABILITY = YES;
				GCC_C_LANGUAGE_STANDARD = gnu11;
				GCC_DYNAMIC_NO_PIC = NO;
				GCC_NO_COMMON_BLOCKS = YES;
				GCC_OPTIMIZATION_LEVEL = 0;
				GCC_PREPROCESSOR_DEFINITIONS = (
					"DEBUG=1",
					"$(inherited)",
				);
				GCC_WARN_64_TO_32_BIT_CONVERSION = YES;
				GCC_WARN_ABOUT_RETURN_TYPE = YES_ERROR;
				GCC_WARN_UNDECLARED_SELECTOR = YES;
				GCC_WARN_UNINITIALIZED_AUTOS = YES_AGGRESSIVE;
				GCC_WARN_UNUSED_FUNCTION = YES;
				GCC_WARN_UNUSED_VARIABLE = YES;
				IPHONEOS_DEPLOYMENT_TARGET = 15.5;
				MTL_ENABLE_DEBUG_INFO = INCLUDE_SOURCE;
				MTL_FAST_MATH = YES;
				ONLY_ACTIVE_ARCH = YES;
				SDKROOT = iphoneos;
				SWIFT_ACTIVE_COMPILATION_CONDITIONS = DEBUG;
				SWIFT_OPTIMIZATION_LEVEL = "-Onone";
			};
			name = Debug;
		};
		3BA77E4328590F0D00733E32 /* Release */ = {
			isa = XCBuildConfiguration;
			buildSettings = {
				ALWAYS_SEARCH_USER_PATHS = NO;
				CLANG_ANALYZER_NONNULL = YES;
				CLANG_ANALYZER_NUMBER_OBJECT_CONVERSION = YES_AGGRESSIVE;
				CLANG_CXX_LANGUAGE_STANDARD = "gnu++17";
				CLANG_ENABLE_MODULES = YES;
				CLANG_ENABLE_OBJC_ARC = YES;
				CLANG_ENABLE_OBJC_WEAK = YES;
				CLANG_WARN_BLOCK_CAPTURE_AUTORELEASING = YES;
				CLANG_WARN_BOOL_CONVERSION = YES;
				CLANG_WARN_COMMA = YES;
				CLANG_WARN_CONSTANT_CONVERSION = YES;
				CLANG_WARN_DEPRECATED_OBJC_IMPLEMENTATIONS = YES;
				CLANG_WARN_DIRECT_OBJC_ISA_USAGE = YES_ERROR;
				CLANG_WARN_DOCUMENTATION_COMMENTS = YES;
				CLANG_WARN_EMPTY_BODY = YES;
				CLANG_WARN_ENUM_CONVERSION = YES;
				CLANG_WARN_INFINITE_RECURSION = YES;
				CLANG_WARN_INT_CONVERSION = YES;
				CLANG_WARN_NON_LITERAL_NULL_CONVERSION = YES;
				CLANG_WARN_OBJC_IMPLICIT_RETAIN_SELF = YES;
				CLANG_WARN_OBJC_LITERAL_CONVERSION = YES;
				CLANG_WARN_OBJC_ROOT_CLASS = YES_ERROR;
				CLANG_WARN_QUOTED_INCLUDE_IN_FRAMEWORK_HEADER = YES;
				CLANG_WARN_RANGE_LOOP_ANALYSIS = YES;
				CLANG_WARN_STRICT_PROTOTYPES = YES;
				CLANG_WARN_SUSPICIOUS_MOVE = YES;
				CLANG_WARN_UNGUARDED_AVAILABILITY = YES_AGGRESSIVE;
				CLANG_WARN_UNREACHABLE_CODE = YES;
				CLANG_WARN__DUPLICATE_METHOD_MATCH = YES;
				COPY_PHASE_STRIP = NO;
				DEBUG_INFORMATION_FORMAT = "dwarf-with-dsym";
				ENABLE_NS_ASSERTIONS = NO;
				ENABLE_STRICT_OBJC_MSGSEND = YES;
				GCC_C_LANGUAGE_STANDARD = gnu11;
				GCC_NO_COMMON_BLOCKS = YES;
				GCC_WARN_64_TO_32_BIT_CONVERSION = YES;
				GCC_WARN_ABOUT_RETURN_TYPE = YES_ERROR;
				GCC_WARN_UNDECLARED_SELECTOR = YES;
				GCC_WARN_UNINITIALIZED_AUTOS = YES_AGGRESSIVE;
				GCC_WARN_UNUSED_FUNCTION = YES;
				GCC_WARN_UNUSED_VARIABLE = YES;
				IPHONEOS_DEPLOYMENT_TARGET = 15.5;
				MTL_ENABLE_DEBUG_INFO = NO;
				MTL_FAST_MATH = YES;
				SDKROOT = iphoneos;
				SWIFT_COMPILATION_MODE = wholemodule;
				SWIFT_OPTIMIZATION_LEVEL = "-O";
				VALIDATE_PRODUCT = YES;
			};
			name = Release;
		};
		3BA77E4528590F0D00733E32 /* Debug */ = {
			isa = XCBuildConfiguration;
			buildSettings = {
				ASSETCATALOG_COMPILER_APPICON_NAME = AppIcon;
				ASSETCATALOG_COMPILER_GLOBAL_ACCENT_COLOR_NAME = AccentColor;
				CODE_SIGN_STYLE = Automatic;
				CURRENT_PROJECT_VERSION = 1;
				DEVELOPMENT_ASSET_PATHS = "\"NiceSpotsMap/Preview Content\"";
				DEVELOPMENT_TEAM = 7B4L77MLXJ;
				ENABLE_PREVIEWS = YES;
				GENERATE_INFOPLIST_FILE = YES;
				INFOPLIST_KEY_NSLocationWhenInUseUsageDescription = "This app needs your location to show it on the map";
				INFOPLIST_KEY_UIApplicationSceneManifest_Generation = YES;
				INFOPLIST_KEY_UIApplicationSupportsIndirectInputEvents = YES;
				INFOPLIST_KEY_UILaunchScreen_Generation = YES;
				INFOPLIST_KEY_UISupportedInterfaceOrientations_iPad = "UIInterfaceOrientationPortrait UIInterfaceOrientationPortraitUpsideDown UIInterfaceOrientationLandscapeLeft UIInterfaceOrientationLandscapeRight";
				INFOPLIST_KEY_UISupportedInterfaceOrientations_iPhone = "UIInterfaceOrientationPortrait UIInterfaceOrientationLandscapeLeft UIInterfaceOrientationLandscapeRight";
				LD_RUNPATH_SEARCH_PATHS = (
					"$(inherited)",
					"@executable_path/Frameworks",
				);
				MARKETING_VERSION = 1.0;
				PRODUCT_BUNDLE_IDENTIFIER = com.denisov.NiceSpotsMap;
				PRODUCT_NAME = "$(TARGET_NAME)";
				SWIFT_EMIT_LOC_STRINGS = YES;
				SWIFT_VERSION = 5.0;
				TARGETED_DEVICE_FAMILY = "1,2";
			};
			name = Debug;
		};
		3BA77E4628590F0D00733E32 /* Release */ = {
			isa = XCBuildConfiguration;
			buildSettings = {
				ASSETCATALOG_COMPILER_APPICON_NAME = AppIcon;
				ASSETCATALOG_COMPILER_GLOBAL_ACCENT_COLOR_NAME = AccentColor;
				CODE_SIGN_STYLE = Automatic;
				CURRENT_PROJECT_VERSION = 1;
				DEVELOPMENT_ASSET_PATHS = "\"NiceSpotsMap/Preview Content\"";
				DEVELOPMENT_TEAM = 7B4L77MLXJ;
				ENABLE_PREVIEWS = YES;
				GENERATE_INFOPLIST_FILE = YES;
				INFOPLIST_KEY_NSLocationWhenInUseUsageDescription = "This app needs your location to show it on the map";
				INFOPLIST_KEY_UIApplicationSceneManifest_Generation = YES;
				INFOPLIST_KEY_UIApplicationSupportsIndirectInputEvents = YES;
				INFOPLIST_KEY_UILaunchScreen_Generation = YES;
				INFOPLIST_KEY_UISupportedInterfaceOrientations_iPad = "UIInterfaceOrientationPortrait UIInterfaceOrientationPortraitUpsideDown UIInterfaceOrientationLandscapeLeft UIInterfaceOrientationLandscapeRight";
				INFOPLIST_KEY_UISupportedInterfaceOrientations_iPhone = "UIInterfaceOrientationPortrait UIInterfaceOrientationLandscapeLeft UIInterfaceOrientationLandscapeRight";
				LD_RUNPATH_SEARCH_PATHS = (
					"$(inherited)",
					"@executable_path/Frameworks",
				);
				MARKETING_VERSION = 1.0;
				PRODUCT_BUNDLE_IDENTIFIER = com.denisov.NiceSpotsMap;
				PRODUCT_NAME = "$(TARGET_NAME)";
				SWIFT_EMIT_LOC_STRINGS = YES;
				SWIFT_VERSION = 5.0;
				TARGETED_DEVICE_FAMILY = "1,2";
			};
			name = Release;
		};
		3BA77E4828590F0D00733E32 /* Debug */ = {
			isa = XCBuildConfiguration;
			buildSettings = {
				ALWAYS_EMBED_SWIFT_STANDARD_LIBRARIES = YES;
				BUNDLE_LOADER = "$(TEST_HOST)";
				CODE_SIGN_STYLE = Automatic;
				CURRENT_PROJECT_VERSION = 1;
				DEVELOPMENT_TEAM = 7B4L77MLXJ;
				GENERATE_INFOPLIST_FILE = YES;
				IPHONEOS_DEPLOYMENT_TARGET = 15.5;
				MARKETING_VERSION = 1.0;
				PRODUCT_BUNDLE_IDENTIFIER = com.denisov.NiceSpotsMapTests;
				PRODUCT_NAME = "$(TARGET_NAME)";
				SWIFT_EMIT_LOC_STRINGS = NO;
				SWIFT_VERSION = 5.0;
				TARGETED_DEVICE_FAMILY = "1,2";
				TEST_HOST = "$(BUILT_PRODUCTS_DIR)/NiceSpotsMap.app/NiceSpotsMap";
			};
			name = Debug;
		};
		3BA77E4928590F0D00733E32 /* Release */ = {
			isa = XCBuildConfiguration;
			buildSettings = {
				ALWAYS_EMBED_SWIFT_STANDARD_LIBRARIES = YES;
				BUNDLE_LOADER = "$(TEST_HOST)";
				CODE_SIGN_STYLE = Automatic;
				CURRENT_PROJECT_VERSION = 1;
				DEVELOPMENT_TEAM = 7B4L77MLXJ;
				GENERATE_INFOPLIST_FILE = YES;
				IPHONEOS_DEPLOYMENT_TARGET = 15.5;
				MARKETING_VERSION = 1.0;
				PRODUCT_BUNDLE_IDENTIFIER = com.denisov.NiceSpotsMapTests;
				PRODUCT_NAME = "$(TARGET_NAME)";
				SWIFT_EMIT_LOC_STRINGS = NO;
				SWIFT_VERSION = 5.0;
				TARGETED_DEVICE_FAMILY = "1,2";
				TEST_HOST = "$(BUILT_PRODUCTS_DIR)/NiceSpotsMap.app/NiceSpotsMap";
			};
			name = Release;
		};
		3BA77E4B28590F0D00733E32 /* Debug */ = {
			isa = XCBuildConfiguration;
			buildSettings = {
				ALWAYS_EMBED_SWIFT_STANDARD_LIBRARIES = YES;
				CODE_SIGN_STYLE = Automatic;
				CURRENT_PROJECT_VERSION = 1;
				DEVELOPMENT_TEAM = 7B4L77MLXJ;
				GENERATE_INFOPLIST_FILE = YES;
				MARKETING_VERSION = 1.0;
				PRODUCT_BUNDLE_IDENTIFIER = com.denisov.NiceSpotsMapUITests;
				PRODUCT_NAME = "$(TARGET_NAME)";
				SWIFT_EMIT_LOC_STRINGS = NO;
				SWIFT_VERSION = 5.0;
				TARGETED_DEVICE_FAMILY = "1,2";
				TEST_TARGET_NAME = NiceSpotsMap;
			};
			name = Debug;
		};
		3BA77E4C28590F0D00733E32 /* Release */ = {
			isa = XCBuildConfiguration;
			buildSettings = {
				ALWAYS_EMBED_SWIFT_STANDARD_LIBRARIES = YES;
				CODE_SIGN_STYLE = Automatic;
				CURRENT_PROJECT_VERSION = 1;
				DEVELOPMENT_TEAM = 7B4L77MLXJ;
				GENERATE_INFOPLIST_FILE = YES;
				MARKETING_VERSION = 1.0;
				PRODUCT_BUNDLE_IDENTIFIER = com.denisov.NiceSpotsMapUITests;
				PRODUCT_NAME = "$(TARGET_NAME)";
				SWIFT_EMIT_LOC_STRINGS = NO;
				SWIFT_VERSION = 5.0;
				TARGETED_DEVICE_FAMILY = "1,2";
				TEST_TARGET_NAME = NiceSpotsMap;
			};
			name = Release;
		};
/* End XCBuildConfiguration section */

/* Begin XCConfigurationList section */
		3BA77E1B28590F0B00733E32 /* Build configuration list for PBXProject "NiceSpotsMap" */ = {
			isa = XCConfigurationList;
			buildConfigurations = (
				3BA77E4228590F0D00733E32 /* Debug */,
				3BA77E4328590F0D00733E32 /* Release */,
			);
			defaultConfigurationIsVisible = 0;
			defaultConfigurationName = Release;
		};
		3BA77E4428590F0D00733E32 /* Build configuration list for PBXNativeTarget "NiceSpotsMap" */ = {
			isa = XCConfigurationList;
			buildConfigurations = (
				3BA77E4528590F0D00733E32 /* Debug */,
				3BA77E4628590F0D00733E32 /* Release */,
			);
			defaultConfigurationIsVisible = 0;
			defaultConfigurationName = Release;
		};
		3BA77E4728590F0D00733E32 /* Build configuration list for PBXNativeTarget "NiceSpotsMapTests" */ = {
			isa = XCConfigurationList;
			buildConfigurations = (
				3BA77E4828590F0D00733E32 /* Debug */,
				3BA77E4928590F0D00733E32 /* Release */,
			);
			defaultConfigurationIsVisible = 0;
			defaultConfigurationName = Release;
		};
		3BA77E4A28590F0D00733E32 /* Build configuration list for PBXNativeTarget "NiceSpotsMapUITests" */ = {
			isa = XCConfigurationList;
			buildConfigurations = (
				3BA77E4B28590F0D00733E32 /* Debug */,
				3BA77E4C28590F0D00733E32 /* Release */,
			);
			defaultConfigurationIsVisible = 0;
			defaultConfigurationName = Release;
		};
/* End XCConfigurationList section */
	};
	rootObject = 3BA77E1828590F0B00733E32 /* Project object */;
}
