{
  "pins" : [
    {
      "identity" : "bottomsheet",
      "kind" : "remoteSourceControl",
      "location" : "https://github.com/temamarvel/BottomSheet",
      "state" : {
        "revision" : "601d6784af30f9eb51d181b043c5f9dbca01602c",
        "version" : "0.0.8"
      }
    },
    {
      "identity" : "mkmapviewwrapper",
      "kind" : "remoteSourceControl",
      "location" : "https://github.com/temamarvel/MKMapViewWrapper",
      "state" : {
        "revision" : "4af96ef74bbb158f30c1e0196f04509e84c2c393",
        "version" : "0.0.2"
      }
    }
  ],
  "version" : 2
}
