{
  "pins" : [
    {
      "identity" : "bottomsheet",
      "kind" : "remoteSourceControl",
      "location" : "https://github.com/temamarvel/BottomSheet",
      "state" : {
        "revision" : "51d010d1270b6879ab899b93ca3b6489bf3816a4",
        "version" : "0.0.5"
      }
    },
    {
      "identity" : "mkmapviewwrapper",
      "kind" : "remoteSourceControl",
      "location" : "https://github.com/temamarvel/MKMapViewWrapper",
      "state" : {
        "revision" : "4af96ef74bbb158f30c1e0196f04509e84c2c393",
        "version" : "0.0.2"
      }
    }
  ],
  "version" : 2
}
